
Microsoft Visual Studio Solution File, Format Version 12.00
# Visual Studio Version 17
VisualStudioVersion = 17.2.32519.379
MinimumVisualStudioVersion = 10.0.40219.1
Project("{888888A0-9F3D-457C-B088-3A5042F75D52}") = "Tingimuslik opetaaror IF", "Tingimuslik opetaaror IF\Tingimuslik opetaaror IF.pyproj", "{20FE9D2F-49DC-4453-8C4B-4B55D3C4DEC3}"
EndProject
Global
	GlobalSection(SolutionConfigurationPlatforms) = preSolution
		Debug|Any CPU = Debug|Any CPU
		Release|Any CPU = Release|Any CPU
	EndGlobalSection
	GlobalSection(ProjectConfigurationPlatforms) = postSolution
		{20FE9D2F-49DC-4453-8C4B-4B55D3C4DEC3}.Debug|Any CPU.ActiveCfg = Debug|Any CPU
		{20FE9D2F-49DC-4453-8C4B-4B55D3C4DEC3}.Release|Any CPU.ActiveCfg = Release|Any CPU
	EndGlobalSection
	GlobalSection(SolutionProperties) = preSolution
		HideSolutionNode = FALSE
	EndGlobalSection
	GlobalSection(ExtensibilityGlobals) = postSolution
		SolutionGuid = {A02516F2-4261-4A8D-B4F3-E25984CF42B0}
	EndGlobalSection
EndGlobal
